
Microsoft Visual Studio Solution File, Format Version 12.00
# Visual Studio Version 17
VisualStudioVersion = 17.14.36221.1 d17.14
MinimumVisualStudioVersion = 10.0.40219.1
Project("{FAE04EC0-301F-11D3-BF4B-00C04F79EFBC}") = "DigitalService.UI", "DigitalService.UI\DigitalService.UI.csproj", "{4BF44733-6828-A0FD-BE14-7BC2929F71F2}"
EndProject
Project("{FAE04EC0-301F-11D3-BF4B-00C04F79EFBC}") = "DigitalService.AppHost", "DigitalService.AppHost\DigitalService.AppHost.csproj", "{E18F4CD9-0D33-4EBA-A6E5-2F2C6443BBB1}"
EndProject
Project("{FAE04EC0-301F-11D3-BF4B-00C04F79EFBC}") = "DigitalService.ServiceDefaults", "DigitalService.ServiceDefaults\DigitalService.ServiceDefaults.csproj", "{1694C768-F0B4-A0B8-360D-BF48CFA2CF88}"
EndProject
Project("{FAE04EC0-301F-11D3-BF4B-00C04F79EFBC}") = "DigitalService.Domain", "DigitalService.Domain\DigitalService.Domain.csproj", "{274DAB2D-263B-4200-A19B-B382339CC990}"
EndProject
Project("{FAE04EC0-301F-11D3-BF4B-00C04F79EFBC}") = "DigitalService.DataAccess", "DigitalService.DataAccess\DigitalService.DataAccess.csproj", "{2A877B0A-37B2-4D63-BABB-F62ADFEAEE8D}"
EndProject
Global
	GlobalSection(SolutionConfigurationPlatforms) = preSolution
		Debug|Any CPU = Debug|Any CPU
		Release|Any CPU = Release|Any CPU
	EndGlobalSection
	GlobalSection(ProjectConfigurationPlatforms) = postSolution
		{4BF44733-6828-A0FD-BE14-7BC2929F71F2}.Debug|Any CPU.ActiveCfg = Debug|Any CPU
		{4BF44733-6828-A0FD-BE14-7BC2929F71F2}.Debug|Any CPU.Build.0 = Debug|Any CPU
		{4BF44733-6828-A0FD-BE14-7BC2929F71F2}.Release|Any CPU.ActiveCfg = Release|Any CPU
		{4BF44733-6828-A0FD-BE14-7BC2929F71F2}.Release|Any CPU.Build.0 = Release|Any CPU
		{E18F4CD9-0D33-4EBA-A6E5-2F2C6443BBB1}.Debug|Any CPU.ActiveCfg = Debug|Any CPU
		{E18F4CD9-0D33-4EBA-A6E5-2F2C6443BBB1}.Debug|Any CPU.Build.0 = Debug|Any CPU
		{E18F4CD9-0D33-4EBA-A6E5-2F2C6443BBB1}.Release|Any CPU.ActiveCfg = Release|Any CPU
		{E18F4CD9-0D33-4EBA-A6E5-2F2C6443BBB1}.Release|Any CPU.Build.0 = Release|Any CPU
		{1694C768-F0B4-A0B8-360D-BF48CFA2CF88}.Debug|Any CPU.ActiveCfg = Debug|Any CPU
		{1694C768-F0B4-A0B8-360D-BF48CFA2CF88}.Debug|Any CPU.Build.0 = Debug|Any CPU
		{1694C768-F0B4-A0B8-360D-BF48CFA2CF88}.Release|Any CPU.ActiveCfg = Release|Any CPU
		{1694C768-F0B4-A0B8-360D-BF48CFA2CF88}.Release|Any CPU.Build.0 = Release|Any CPU
		{274DAB2D-263B-4200-A19B-B382339CC990}.Debug|Any CPU.ActiveCfg = Debug|Any CPU
		{274DAB2D-263B-4200-A19B-B382339CC990}.Debug|Any CPU.Build.0 = Debug|Any CPU
		{274DAB2D-263B-4200-A19B-B382339CC990}.Release|Any CPU.ActiveCfg = Release|Any CPU
		{274DAB2D-263B-4200-A19B-B382339CC990}.Release|Any CPU.Build.0 = Release|Any CPU
		{2A877B0A-37B2-4D63-BABB-F62ADFEAEE8D}.Debug|Any CPU.ActiveCfg = Debug|Any CPU
		{2A877B0A-37B2-4D63-BABB-F62ADFEAEE8D}.Debug|Any CPU.Build.0 = Debug|Any CPU
		{2A877B0A-37B2-4D63-BABB-F62ADFEAEE8D}.Release|Any CPU.ActiveCfg = Release|Any CPU
		{2A877B0A-37B2-4D63-BABB-F62ADFEAEE8D}.Release|Any CPU.Build.0 = Release|Any CPU
	EndGlobalSection
	GlobalSection(SolutionProperties) = preSolution
		HideSolutionNode = FALSE
	EndGlobalSection
	GlobalSection(ExtensibilityGlobals) = postSolution
		SolutionGuid = {3D5D8F21-770C-4C98-BFFA-0FC341D80FC6}
	EndGlobalSection
EndGlobal
